PODS:
  - RxCocoa (5.1.1):
    - RxRelay (~> 5)
    - RxSwift (~> 5)
  - RxRelay (5.1.1):
    - RxSwift (~> 5)
  - RxSwift (5.1.1)
  - SendBirdSDK (3.0.180)

DEPENDENCIES:
  - RxCocoa
  - RxSwift
  - SendBirdSDK

SPEC REPOS:
  trunk:
    - RxCocoa
    - RxRelay
    - RxSwift
    - SendBirdSDK

SPEC CHECKSUMS:
  RxCocoa: 32065309a38d29b5b0db858819b5bf9ef038b601
  RxRelay: d77f7d771495f43c556cbc43eebd1bb54d01e8e9
  RxSwift: 81470a2074fa8780320ea5fe4102807cb7118178
  SendBirdSDK: 66ca9ae03f86eabece79eb86c1e154453ca1532a

PODFILE CHECKSUM: 2df672029eeca69f489e05a50cdac71833df2264

COCOAPODS: 1.9.1
